
Microsoft Visual Studio Solution File, Format Version 12.00
# Visual Studio Version 16
VisualStudioVersion = 16.0.31313.79
MinimumVisualStudioVersion = 10.0.40219.1
Project("{FAE04EC0-301F-11D3-BF4B-00C04F79EFBC}") = "MonakhovOS - Книги", "MonakhovOS - Книги\MonakhovOS - Книги.csproj", "{146B9CEC-4E4D-4563-9691-23EEF1E007E0}"
EndProject
Global
	GlobalSection(SolutionConfigurationPlatforms) = preSolution
		Debug|Any CPU = Debug|Any CPU
		Release|Any CPU = Release|Any CPU
	EndGlobalSection
	GlobalSection(ProjectConfigurationPlatforms) = postSolution
		{146B9CEC-4E4D-4563-9691-23EEF1E007E0}.Debug|Any CPU.ActiveCfg = Debug|Any CPU
		{146B9CEC-4E4D-4563-9691-23EEF1E007E0}.Debug|Any CPU.Build.0 = Debug|Any CPU
		{146B9CEC-4E4D-4563-9691-23EEF1E007E0}.Release|Any CPU.ActiveCfg = Release|Any CPU
		{146B9CEC-4E4D-4563-9691-23EEF1E007E0}.Release|Any CPU.Build.0 = Release|Any CPU
	EndGlobalSection
	GlobalSection(SolutionProperties) = preSolution
		HideSolutionNode = FALSE
	EndGlobalSection
	GlobalSection(ExtensibilityGlobals) = postSolution
		SolutionGuid = {6E5E5DAF-4A34-40B6-8EFC-A78898846AF2}
	EndGlobalSection
EndGlobal
